
Microsoft Visual Studio Solution File, Format Version 12.00
# Visual Studio Version 17
VisualStudioVersion = 17.5.33516.290
MinimumVisualStudioVersion = 10.0.40219.1
Project("{9A19103F-16F7-4668-BE54-9A1E7A4F7556}") = "LevelUp", "LevelUp\LevelUp.csproj", "{9917EB64-02C7-42E5-94E1-BDF051E50743}"
EndProject
Project("{FAE04EC0-301F-11D3-BF4B-00C04F79EFBC}") = "LevelUpTesting", "LevelUpTesting\LevelUpTesting.csproj", "{EBDE53D8-089A-471F-A3B9-D2B4593C26A0}"
EndProject
Global
	GlobalSection(SolutionConfigurationPlatforms) = preSolution
		Debug|Any CPU = Debug|Any CPU
		Release|Any CPU = Release|Any CPU
	EndGlobalSection
	GlobalSection(ProjectConfigurationPlatforms) = postSolution
		{9917EB64-02C7-42E5-94E1-BDF051E50743}.Debug|Any CPU.ActiveCfg = Debug|Any CPU
		{9917EB64-02C7-42E5-94E1-BDF051E50743}.Debug|Any CPU.Build.0 = Debug|Any CPU
		{9917EB64-02C7-42E5-94E1-BDF051E50743}.Release|Any CPU.ActiveCfg = Release|Any CPU
		{9917EB64-02C7-42E5-94E1-BDF051E50743}.Release|Any CPU.Build.0 = Release|Any CPU
		{EBDE53D8-089A-471F-A3B9-D2B4593C26A0}.Debug|Any CPU.ActiveCfg = Debug|Any CPU
		{EBDE53D8-089A-471F-A3B9-D2B4593C26A0}.Debug|Any CPU.Build.0 = Debug|Any CPU
		{EBDE53D8-089A-471F-A3B9-D2B4593C26A0}.Release|Any CPU.ActiveCfg = Release|Any CPU
		{EBDE53D8-089A-471F-A3B9-D2B4593C26A0}.Release|Any CPU.Build.0 = Release|Any CPU
	EndGlobalSection
	GlobalSection(SolutionProperties) = preSolution
		HideSolutionNode = FALSE
	EndGlobalSection
	GlobalSection(ExtensibilityGlobals) = postSolution
		SolutionGuid = {C785AAA3-19EB-4463-946B-D1573B68CADA}
	EndGlobalSection
EndGlobal
